{
    "_readme": [
        "This file locks the dependencies of your project to a known state",
        "Read more about it at https://getcomposer.org/doc/01-basic-usage.md#composer-lock-the-lock-file",
        "This file is @generated automatically"
    ],
    "content-hash": "4c56055aabba110aaeb42bd4a588c9f5",
    "packages": [
        {
            "name": "fabstract/assert",
            "version": "dev-master",
            "source": {
                "type": "git",
                "url": "https://github.com/Fabstract/Assert.git",
                "reference": "960b3acc4018f472765e310f72386511e73bf387"
            },
            "dist": {
                "type": "zip",
                "url": "https://api.github.com/repos/Fabstract/Assert/zipball/960b3acc4018f472765e310f72386511e73bf387",
                "reference": "960b3acc4018f472765e310f72386511e73bf387",
                "shasum": ""
            },
            "require": {
                "php": "^7.0"
            },
            "type": "library",
            "autoload": {
                "psr-4": {
                    "Fabstract\\Component\\Assert\\": "src"
                }
            },
            "license": [
                "MIT"
            ],
            "authors": [
                {
                    "name": "Ahmet Turk",
                    "email": "ahmetturk93@gmail.com",
                    "homepage": "https://github.com/fabstract"
                }
            ],
            "description": "Assertion for PHP",
            "keywords": [
                "assert",
                "php"
            ],
            "support": {
                "source": "https://github.com/Fabstract/Assert/tree/master",
                "issues": "https://github.com/Fabstract/Assert/issues"
            },
            "time": "2018-03-26T07:51:23+00:00"
        },
        {
            "name": "fabstract/datetime-handler",
            "version": "dev-master",
            "source": {
                "type": "git",
                "url": "https://github.com/Fabstract/DateTimeHandler.git",
                "reference": "66b3be5e7fbdd9039619cb328786adf18c080628"
            },
            "dist": {
                "type": "zip",
                "url": "https://api.github.com/repos/Fabstract/DateTimeHandler/zipball/66b3be5e7fbdd9039619cb328786adf18c080628",
                "reference": "66b3be5e7fbdd9039619cb328786adf18c080628",
                "shasum": ""
            },
            "require": {
                "php": "^7.0"
            },
            "type": "library",
            "autoload": {
                "psr-4": {
                    "Fabstract\\Component\\DateTimeHandler\\": "src"
                }
            },
            "license": [
                "MIT"
            ],
            "authors": [
                {
                    "name": "Ahmet Turk",
                    "email": "ahmetturk93@gmail.com",
                    "homepage": "https://github.com/fabstract"
                }
            ],
            "description": "DateTimeHandler library for PHP",
            "keywords": [
                "date",
                "datetime",
                "php",
                "time"
            ],
            "support": {
                "source": "https://github.com/Fabstract/DateTimeHandler/tree/master",
                "issues": "https://github.com/Fabstract/DateTimeHandler/issues"
            },
            "time": "2018-03-27T12:17:45+00:00"
        },
        {
            "name": "fabstract/di",
            "version": "dev-master",
            "source": {
                "type": "git",
                "url": "https://github.com/Fabstract/Dependency-Injection.git",
                "reference": "5d87b22dc341ec99162627782b45456161df339d"
            },
            "dist": {
                "type": "zip",
                "url": "https://api.github.com/repos/Fabstract/Dependency-Injection/zipball/5d87b22dc341ec99162627782b45456161df339d",
                "reference": "5d87b22dc341ec99162627782b45456161df339d",
                "shasum": ""
            },
            "require": {
                "fabstract/assert": "dev-master",
                "php": "^7.0",
                "psr/container": "^1.0"
            },
            "type": "library",
            "autoload": {
                "psr-4": {
                    "Fabstract\\Component\\DependencyInjection\\": "src"
                }
            },
            "license": [
                "MIT"
            ],
            "authors": [
                {
                    "name": "Ahmet Turk",
                    "email": "ahmetturk93@gmail.com",
                    "homepage": "https://github.com/fabstract"
                }
            ],
            "description": "Dependency Injection for PHP",
            "keywords": [
                "dependency",
                "dependency injection",
                "di",
                "injection",
                "php"
            ],
            "support": {
                "source": "https://github.com/Fabstract/Dependency-Injection/tree/master",
                "issues": "https://github.com/Fabstract/Dependency-Injection/issues"
            },
            "time": "2018-03-19T12:22:56+00:00"
        },
        {
            "name": "fabstract/event",
            "version": "dev-master",
            "source": {
                "type": "git",
                "url": "https://github.com/Fabstract/Event.git",
                "reference": "474ed610afc6e45206d4bc3a4ef55bce5ccc6a63"
            },
            "dist": {
                "type": "zip",
                "url": "https://api.github.com/repos/Fabstract/Event/zipball/474ed610afc6e45206d4bc3a4ef55bce5ccc6a63",
                "reference": "474ed610afc6e45206d4bc3a4ef55bce5ccc6a63",
                "shasum": ""
            },
            "require": {
                "fabstract/assert": "dev-master",
                "php": "^7.0"
            },
            "type": "library",
            "autoload": {
                "psr-4": {
                    "Fabstract\\Component\\Event\\": "src"
                }
            },
            "license": [
                "MIT"
            ],
            "authors": [
                {
                    "name": "Ahmet Turk",
                    "email": "ahmetturk93@gmail.com",
                    "homepage": "https://github.com/fabstract"
                }
            ],
            "description": "Event library for PHP",
            "keywords": [
                "event",
                "php"
            ],
            "support": {
                "source": "https://github.com/Fabstract/Event/tree/master",
                "issues": "https://github.com/Fabstract/Event/issues"
            },
            "time": "2018-03-19T12:28:54+00:00"
        },
        {
            "name": "fabstract/http-application",
            "version": "dev-master",
            "source": {
                "type": "git",
                "url": "https://github.com/Fabstract/HTTP-Application.git",
                "reference": "043f4e3857e5d4d223285bde8354914a34606403"
            },
            "dist": {
                "type": "zip",
                "url": "https://api.github.com/repos/Fabstract/HTTP-Application/zipball/043f4e3857e5d4d223285bde8354914a34606403",
                "reference": "043f4e3857e5d4d223285bde8354914a34606403",
                "shasum": ""
            },
            "require": {
                "fabstract/assert": "dev-master",
                "fabstract/datetime-handler": "dev-master",
                "fabstract/di": "dev-master",
                "fabstract/event": "dev-master",
                "fabstract/lazy": "dev-master",
                "fabstract/linq": "dev-master",
                "fabstract/router": "dev-master",
                "fabstract/serializer": "dev-master",
                "php": "^7.0",
                "symfony/http-foundation": "3.4.6-BETA5"
            },
            "type": "library",
            "autoload": {
                "psr-4": {
                    "Fabstract\\Component\\Http\\": "src"
                }
            },
            "license": [
                "MIT"
            ],
            "authors": [
                {
                    "name": "Ahmet Turk",
                    "email": "ahmetturk93@gmail.com",
                    "homepage": "https://github.com/fabstract"
                }
            ],
            "description": "HTTP Application for PHP",
            "keywords": [
                "application",
                "http",
                "http application",
                "php"
            ],
            "support": {
                "source": "https://github.com/Fabstract/HTTP-Application/tree/master",
                "issues": "https://github.com/Fabstract/HTTP-Application/issues"
            },
            "time": "2018-03-27T12:49:19+00:00"
        },
        {
            "name": "fabstract/lazy",
            "version": "dev-master",
            "source": {
                "type": "git",
                "url": "https://github.com/Fabstract/Lazy.git",
                "reference": "3d173e5f372c6864456ef90b3c70c5f3f060153c"
            },
            "dist": {
                "type": "zip",
                "url": "https://api.github.com/repos/Fabstract/Lazy/zipball/3d173e5f372c6864456ef90b3c70c5f3f060153c",
                "reference": "3d173e5f372c6864456ef90b3c70c5f3f060153c",
                "shasum": ""
            },
            "require": {
                "fabstract/assert": "dev-master",
                "php": "^7.0"
            },
            "type": "library",
            "autoload": {
                "psr-4": {
                    "Fabstract\\Component\\Lazy\\": "src"
                }
            },
            "license": [
                "MIT"
            ],
            "authors": [
                {
                    "name": "Ahmet Turk",
                    "email": "ahmetturk93@gmail.com",
                    "homepage": "https://github.com/fabstract"
                }
            ],
            "description": "Lazy loading for PHP",
            "keywords": [
                "lazy",
                "php"
            ],
            "support": {
                "source": "https://github.com/Fabstract/Lazy/tree/master",
                "issues": "https://github.com/Fabstract/Lazy/issues"
            },
            "time": "2018-03-19T12:19:22+00:00"
        },
        {
            "name": "fabstract/linq",
            "version": "dev-master",
            "source": {
                "type": "git",
                "url": "https://github.com/Fabstract/LINQ.git",
                "reference": "cb574e35bb88b74196c5f059281a2830126cd926"
            },
            "dist": {
                "type": "zip",
                "url": "https://api.github.com/repos/Fabstract/LINQ/zipball/cb574e35bb88b74196c5f059281a2830126cd926",
                "reference": "cb574e35bb88b74196c5f059281a2830126cd926",
                "shasum": ""
            },
            "type": "library",
            "autoload": {
                "psr-4": {
                    "Fabstract\\Component\\LINQ\\": "src"
                }
            },
            "license": [
                "MIT"
            ],
            "authors": [
                {
                    "name": "Ahmet Turk",
                    "email": "ahmetturk93@gmail.com",
                    "homepage": "https://github.com/fabstract"
                }
            ],
            "description": "LINQ library for PHP",
            "keywords": [
                "linq",
                "php"
            ],
            "support": {
                "source": "https://github.com/Fabstract/LINQ/tree/master",
                "issues": "https://github.com/Fabstract/LINQ/issues"
            },
            "time": "2018-03-19T12:14:04+00:00"
        },
        {
            "name": "fabstract/rest",
            "version": "dev-master",
            "source": {
                "type": "git",
                "url": "https://github.com/Fabstract/REST-Application.git",
                "reference": "20a115a79eb0f7b5a87c66cb6a527750cea91649"
            },
            "dist": {
                "type": "zip",
                "url": "https://api.github.com/repos/Fabstract/REST-Application/zipball/20a115a79eb0f7b5a87c66cb6a527750cea91649",
                "reference": "20a115a79eb0f7b5a87c66cb6a527750cea91649",
                "shasum": ""
            },
            "require": {
                "fabstract/assert": "dev-master",
                "fabstract/datetime-handler": "dev-master",
                "fabstract/di": "dev-master",
                "fabstract/event": "dev-master",
                "fabstract/http-application": "dev-master",
                "fabstract/lazy": "dev-master",
                "fabstract/linq": "dev-master",
                "fabstract/router": "dev-master",
                "fabstract/serializer": "dev-master",
                "fabstract/validator": "dev-master",
                "php": "^7.0",
                "symfony/http-foundation": "3.4.6-BETA5"
            },
            "type": "library",
            "autoload": {
                "psr-4": {
                    "Fabstract\\Component\\REST\\": "src"
                }
            },
            "license": [
                "MIT"
            ],
            "authors": [
                {
                    "name": "Ahmet Turk",
                    "email": "ahmetturk93@gmail.com",
                    "homepage": "https://github.com/fabstract"
                }
            ],
            "description": "REST library for PHP",
            "keywords": [
                "php",
                "rest"
            ],
            "support": {
                "source": "https://github.com/Fabstract/REST-Application/tree/master",
                "issues": "https://github.com/Fabstract/REST-Application/issues"
            },
            "time": "2018-03-27T12:21:12+00:00"
        },
        {
            "name": "fabstract/router",
            "version": "dev-master",
            "source": {
                "type": "git",
                "url": "https://github.com/Fabstract/Router.git",
                "reference": "9e3a1eb2b23eee7004e8d21a7250279ea87e634e"
            },
            "dist": {
                "type": "zip",
                "url": "https://api.github.com/repos/Fabstract/Router/zipball/9e3a1eb2b23eee7004e8d21a7250279ea87e634e",
                "reference": "9e3a1eb2b23eee7004e8d21a7250279ea87e634e",
                "shasum": ""
            },
            "require": {
                "fabstract/assert": "dev-master",
                "php": "^7.0"
            },
            "type": "library",
            "autoload": {
                "psr-4": {
                    "Fabstract\\Component\\Router\\": "src"
                }
            },
            "license": [
                "MIT"
            ],
            "authors": [
                {
                    "name": "Ahmet Turk",
                    "email": "ahmetturk93@gmail.com",
                    "homepage": "https://github.com/fabstract"
                }
            ],
            "description": "Routing library for PHP",
            "keywords": [
                "php",
                "router"
            ],
            "support": {
                "source": "https://github.com/Fabstract/Router/tree/master",
                "issues": "https://github.com/Fabstract/Router/issues"
            },
            "time": "2018-03-21T10:33:48+00:00"
        },
        {
            "name": "fabstract/serializer",
            "version": "dev-master",
            "source": {
                "type": "git",
                "url": "https://github.com/Fabstract/Serializer.git",
                "reference": "eb01787062163a0b58599df41e9c4e14fe272810"
            },
            "dist": {
                "type": "zip",
                "url": "https://api.github.com/repos/Fabstract/Serializer/zipball/eb01787062163a0b58599df41e9c4e14fe272810",
                "reference": "eb01787062163a0b58599df41e9c4e14fe272810",
                "shasum": ""
            },
            "require": {
                "fabstract/assert": "dev-master",
                "fabstract/event": "dev-master",
                "fabstract/lazy": "dev-master",
                "fabstract/linq": "dev-master",
                "php": "^7.0"
            },
            "type": "library",
            "autoload": {
                "psr-4": {
                    "Fabstract\\Component\\Serializer\\": "src"
                }
            },
            "license": [
                "MIT"
            ],
            "authors": [
                {
                    "name": "Ahmet Turk",
                    "email": "ahmetturk93@gmail.com",
                    "homepage": "https://github.com/fabstract"
                }
            ],
            "description": "Serializer library for PHP",
            "keywords": [
                "php",
                "serialize"
            ],
            "support": {
                "source": "https://github.com/Fabstract/Serializer/tree/master",
                "issues": "https://github.com/Fabstract/Serializer/issues"
            },
            "time": "2018-03-21T10:30:59+00:00"
        },
        {
            "name": "fabstract/validator",
            "version": "dev-master",
            "source": {
                "type": "git",
                "url": "https://github.com/Fabstract/Validator.git",
                "reference": "f11687ada296c7b59583695d9cad519c417e9d46"
            },
            "dist": {
                "type": "zip",
                "url": "https://api.github.com/repos/Fabstract/Validator/zipball/f11687ada296c7b59583695d9cad519c417e9d46",
                "reference": "f11687ada296c7b59583695d9cad519c417e9d46",
                "shasum": ""
            },
            "require": {
                "fabstract/assert": "dev-master",
                "php": "^7.0"
            },
            "type": "library",
            "autoload": {
                "psr-4": {
                    "Fabstract\\Component\\Validator\\": "src"
                }
            },
            "license": [
                "MIT"
            ],
            "authors": [
                {
                    "name": "Ahmet Turk",
                    "email": "ahmetturk93@gmail.com",
                    "homepage": "https://github.com/fabstract"
                }
            ],
            "description": "Data validator library for PHP",
            "keywords": [
                "php",
                "validator"
            ],
            "support": {
                "source": "https://github.com/Fabstract/Validator/tree/master",
                "issues": "https://github.com/Fabstract/Validator/issues"
            },
            "time": "2018-03-22T10:39:40+00:00"
        },
        {
            "name": "paragonie/random_compat",
            "version": "v2.0.11",
            "source": {
                "type": "git",
                "url": "https://github.com/paragonie/random_compat.git",
                "reference": "5da4d3c796c275c55f057af5a643ae297d96b4d8"
            },
            "dist": {
                "type": "zip",
                "url": "https://api.github.com/repos/paragonie/random_compat/zipball/5da4d3c796c275c55f057af5a643ae297d96b4d8",
                "reference": "5da4d3c796c275c55f057af5a643ae297d96b4d8",
                "shasum": ""
            },
            "require": {
                "php": ">=5.2.0"
            },
            "require-dev": {
                "phpunit/phpunit": "4.*|5.*"
            },
            "suggest": {
                "ext-libsodium": "Provides a modern crypto API that can be used to generate random bytes."
            },
            "type": "library",
            "autoload": {
                "files": [
                    "lib/random.php"
                ]
            },
            "notification-url": "https://packagist.org/downloads/",
            "license": [
                "MIT"
            ],
            "authors": [
                {
                    "name": "Paragon Initiative Enterprises",
                    "email": "security@paragonie.com",
                    "homepage": "https://paragonie.com"
                }
            ],
            "description": "PHP 5.x polyfill for random_bytes() and random_int() from PHP 7",
            "keywords": [
                "csprng",
                "pseudorandom",
                "random"
            ],
            "time": "2017-09-27T21:40:39+00:00"
        },
        {
            "name": "psr/container",
            "version": "1.0.0",
            "source": {
                "type": "git",
                "url": "https://github.com/php-fig/container.git",
                "reference": "b7ce3b176482dbbc1245ebf52b181af44c2cf55f"
            },
            "dist": {
                "type": "zip",
                "url": "https://api.github.com/repos/php-fig/container/zipball/b7ce3b176482dbbc1245ebf52b181af44c2cf55f",
                "reference": "b7ce3b176482dbbc1245ebf52b181af44c2cf55f",
                "shasum": ""
            },
            "require": {
                "php": ">=5.3.0"
            },
            "type": "library",
            "extra": {
                "branch-alias": {
                    "dev-master": "1.0.x-dev"
                }
            },
            "autoload": {
                "psr-4": {
                    "Psr\\Container\\": "src/"
                }
            },
            "notification-url": "https://packagist.org/downloads/",
            "license": [
                "MIT"
            ],
            "authors": [
                {
                    "name": "PHP-FIG",
                    "homepage": "http://www.php-fig.org/"
                }
            ],
            "description": "Common Container Interface (PHP FIG PSR-11)",
            "homepage": "https://github.com/php-fig/container",
            "keywords": [
                "PSR-11",
                "container",
                "container-interface",
                "container-interop",
                "psr"
            ],
            "time": "2017-02-14T16:28:37+00:00"
        },
        {
            "name": "symfony/http-foundation",
            "version": "v3.4.6-BETA5",
            "source": {
                "type": "git",
                "url": "https://github.com/Fabstract/http-foundation.git",
                "reference": "0334fd3557c6031bb96ce540740ad9c089438f15"
            },
            "dist": {
                "type": "zip",
                "url": "https://api.github.com/repos/Fabstract/http-foundation/zipball/0334fd3557c6031bb96ce540740ad9c089438f15",
                "reference": "0334fd3557c6031bb96ce540740ad9c089438f15",
                "shasum": ""
            },
            "require": {
                "php": "^5.5.9|>=7.0.8",
                "symfony/polyfill-mbstring": "~1.1",
                "symfony/polyfill-php70": "~1.6"
            },
            "require-dev": {
                "symfony/expression-language": "~2.8|~3.0|~4.0"
            },
            "type": "library",
            "extra": {
                "branch-alias": {
                    "dev-master": "3.4-dev"
                }
            },
            "autoload": {
                "psr-4": {
                    "Symfony\\Component\\HttpFoundation\\": ""
                },
                "exclude-from-classmap": [
                    "/Tests/"
                ]
            },
            "license": [
                "MIT"
            ],
            "authors": [
                {
                    "name": "Fabien Potencier",
                    "email": "fabien@symfony.com"
                },
                {
                    "name": "Symfony Community",
                    "homepage": "https://symfony.com/contributors"
                }
            ],
            "description": "Symfony HttpFoundation Component",
            "homepage": "https://symfony.com",
            "support": {
                "source": "https://github.com/Fabstract/http-foundation/tree/v3.4.6-BETA5"
            },
            "time": "2018-03-23T08:43:25+00:00"
        },
        {
            "name": "symfony/polyfill-mbstring",
            "version": "v1.7.0",
            "source": {
                "type": "git",
                "url": "https://github.com/symfony/polyfill-mbstring.git",
                "reference": "78be803ce01e55d3491c1397cf1c64beb9c1b63b"
            },
            "dist": {
                "type": "zip",
                "url": "https://api.github.com/repos/symfony/polyfill-mbstring/zipball/78be803ce01e55d3491c1397cf1c64beb9c1b63b",
                "reference": "78be803ce01e55d3491c1397cf1c64beb9c1b63b",
                "shasum": ""
            },
            "require": {
                "php": ">=5.3.3"
            },
            "suggest": {
                "ext-mbstring": "For best performance"
            },
            "type": "library",
            "extra": {
                "branch-alias": {
                    "dev-master": "1.7-dev"
                }
            },
            "autoload": {
                "psr-4": {
                    "Symfony\\Polyfill\\Mbstring\\": ""
                },
                "files": [
                    "bootstrap.php"
                ]
            },
            "notification-url": "https://packagist.org/downloads/",
            "license": [
                "MIT"
            ],
            "authors": [
                {
                    "name": "Nicolas Grekas",
                    "email": "p@tchwork.com"
                },
                {
                    "name": "Symfony Community",
                    "homepage": "https://symfony.com/contributors"
                }
            ],
            "description": "Symfony polyfill for the Mbstring extension",
            "homepage": "https://symfony.com",
            "keywords": [
                "compatibility",
                "mbstring",
                "polyfill",
                "portable",
                "shim"
            ],
            "time": "2018-01-30T19:27:44+00:00"
        },
        {
            "name": "symfony/polyfill-php70",
            "version": "v1.7.0",
            "source": {
                "type": "git",
                "url": "https://github.com/symfony/polyfill-php70.git",
                "reference": "3532bfcd8f933a7816f3a0a59682fc404776600f"
            },
            "dist": {
                "type": "zip",
                "url": "https://api.github.com/repos/symfony/polyfill-php70/zipball/3532bfcd8f933a7816f3a0a59682fc404776600f",
                "reference": "3532bfcd8f933a7816f3a0a59682fc404776600f",
                "shasum": ""
            },
            "require": {
                "paragonie/random_compat": "~1.0|~2.0",
                "php": ">=5.3.3"
            },
            "type": "library",
            "extra": {
                "branch-alias": {
                    "dev-master": "1.7-dev"
                }
            },
            "autoload": {
                "psr-4": {
                    "Symfony\\Polyfill\\Php70\\": ""
                },
                "files": [
                    "bootstrap.php"
                ],
                "classmap": [
                    "Resources/stubs"
                ]
            },
            "notification-url": "https://packagist.org/downloads/",
            "license": [
                "MIT"
            ],
            "authors": [
                {
                    "name": "Nicolas Grekas",
                    "email": "p@tchwork.com"
                },
                {
                    "name": "Symfony Community",
                    "homepage": "https://symfony.com/contributors"
                }
            ],
            "description": "Symfony polyfill backporting some PHP 7.0+ features to lower PHP versions",
            "homepage": "https://symfony.com",
            "keywords": [
                "compatibility",
                "polyfill",
                "portable",
                "shim"
            ],
            "time": "2018-01-30T19:27:44+00:00"
        }
    ],
    "packages-dev": [],
    "aliases": [],
    "minimum-stability": "stable",
    "stability-flags": {
        "fabstract/rest": 20,
        "fabstract/http-application": 20,
        "fabstract/assert": 20,
        "fabstract/event": 20,
        "fabstract/serializer": 20,
        "fabstract/router": 20,
        "fabstract/di": 20,
        "fabstract/lazy": 20,
        "fabstract/validator": 20,
        "fabstract/datetime-handler": 20,
        "fabstract/linq": 20,
        "symfony/http-foundation": 10
    },
    "prefer-stable": false,
    "prefer-lowest": false,
    "platform": {
        "php": "^7.0"
    },
    "platform-dev": []
}
